// !$*UTF8*$!
{
	archiveVersion = 1;
	classes = {
	};
	objectVersion = 77;
	objects = {

/* Begin PBXContainerItemProxy section */
		074071022CB4E3DE0029F06F /* PBXContainerItemProxy */ = {
			isa = PBXContainerItemProxy;
			containerPortal = 074070E92CB4E3DD0029F06F /* Project object */;
			proxyType = 1;
			remoteGlobalIDString = 074070F02CB4E3DD0029F06F;
			remoteInfo = "DanceCam-Swift";
		};
		0740710C2CB4E3DE0029F06F /* PBXContainerItemProxy */ = {
			isa = PBXContainerItemProxy;
			containerPortal = 074070E92CB4E3DD0029F06F /* Project object */;
			proxyType = 1;
			remoteGlobalIDString = 074070F02CB4E3DD0029F06F;
			remoteInfo = "DanceCam-Swift";
		};
/* End PBXContainerItemProxy section */

/* Begin PBXFileReference section */
		074070F12CB4E3DD0029F06F /* DanceCam-Swift.app */ = {isa = PBXFileReference; explicitFileType = wrapper.application; includeInIndex = 0; path = "DanceCam-Swift.app"; sourceTree = BUILT_PRODUCTS_DIR; };
		074071012CB4E3DE0029F06F /* DanceCam-SwiftTests.xctest */ = {isa = PBXFileReference; explicitFileType = wrapper.cfbundle; includeInIndex = 0; path = "DanceCam-SwiftTests.xctest"; sourceTree = BUILT_PRODUCTS_DIR; };
		0740710B2CB4E3DE0029F06F /* DanceCam-SwiftUITests.xctest */ = {isa = PBXFileReference; explicitFileType = wrapper.cfbundle; includeInIndex = 0; path = "DanceCam-SwiftUITests.xctest"; sourceTree = BUILT_PRODUCTS_DIR; };
/* End PBXFileReference section */

/* Begin PBXFileSystemSynchronizedRootGroup section */
		074070F32CB4E3DD0029F06F /* DanceCam-Swift */ = {
			isa = PBXFileSystemSynchronizedRootGroup;
			path = "DanceCam-Swift";
			sourceTree = "<group>";
		};
		074071042CB4E3DE0029F06F /* DanceCam-SwiftTests */ = {
			isa = PBXFileSystemSynchronizedRootGroup;
			path = "DanceCam-SwiftTests";
			sourceTree = "<group>";
		};
		0740710E2CB4E3DE0029F06F /* DanceCam-SwiftUITests */ = {
			isa = PBXFileSystemSynchronizedRootGroup;
			path = "DanceCam-SwiftUITests";
			sourceTree = "<group>";
		};
/* End PBXFileSystemSynchronizedRootGroup section */

/* Begin PBXFrameworksBuildPhase section */
		074070EE2CB4E3DD0029F06F /* Frameworks */ = {
			isa = PBXFrameworksBuildPhase;
			buildActionMask = 2147483647;
			files = (
			);
			runOnlyForDeploymentPostprocessing = 0;
		};
		074070FE2CB4E3DE0029F06F /* Frameworks */ = {
			isa = PBXFrameworksBuildPhase;
			buildActionMask = 2147483647;
			files = (
			);
			runOnlyForDeploymentPostprocessing = 0;
		};
		074071082CB4E3DE0029F06F /* Frameworks */ = {
			isa = PBXFrameworksBuildPhase;
			buildActionMask = 2147483647;
			files = (
			);
			runOnlyForDeploymentPostprocessing = 0;
		};
/* End PBXFrameworksBuildPhase section */

/* Begin PBXGroup section */
		074070E82CB4E3DD0029F06F = {
			isa = PBXGroup;
			children = (
				074070F32CB4E3DD0029F06F /* DanceCam-Swift */,
				074071042CB4E3DE0029F06F /* DanceCam-SwiftTests */,
				0740710E2CB4E3DE0029F06F /* DanceCam-SwiftUITests */,
				074070F22CB4E3DD0029F06F /* Products */,
			);
			sourceTree = "<group>";
		};
		074070F22CB4E3DD0029F06F /* Products */ = {
			isa = PBXGroup;
			children = (
				074070F12CB4E3DD0029F06F /* DanceCam-Swift.app */,
				074071012CB4E3DE0029F06F /* DanceCam-SwiftTests.xctest */,
				0740710B2CB4E3DE0029F06F /* DanceCam-SwiftUITests.xctest */,
			);
			name = Products;
			sourceTree = "<group>";
		};
/* End PBXGroup section */

/* Begin PBXNativeTarget section */
		074070F02CB4E3DD0029F06F /* DanceCam-Swift */ = {
			isa = PBXNativeTarget;
			buildConfigurationList = 074071152CB4E3DE0029F06F /* Build configuration list for PBXNativeTarget "DanceCam-Swift" */;
			buildPhases = (
				074070ED2CB4E3DD0029F06F /* Sources */,
				074070EE2CB4E3DD0029F06F /* Frameworks */,
				074070EF2CB4E3DD0029F06F /* Resources */,
			);
			buildRules = (
			);
			dependencies = (
			);
			fileSystemSynchronizedGroups = (
				074070F32CB4E3DD0029F06F /* DanceCam-Swift */,
			);
			name = "DanceCam-Swift";
			packageProductDependencies = (
			);
			productName = "DanceCam-Swift";
			productReference = 074070F12CB4E3DD0029F06F /* DanceCam-Swift.app */;
			productType = "com.apple.product-type.application";
		};
		074071002CB4E3DE0029F06F /* DanceCam-SwiftTests */ = {
			isa = PBXNativeTarget;
			buildConfigurationList = 074071182CB4E3DE0029F06F /* Build configuration list for PBXNativeTarget "DanceCam-SwiftTests" */;
			buildPhases = (
				074070FD2CB4E3DE0029F06F /* Sources */,
				074070FE2CB4E3DE0029F06F /* Frameworks */,
				074070FF2CB4E3DE0029F06F /* Resources */,
			);
			buildRules = (
			);
			dependencies = (
				074071032CB4E3DE0029F06F /* PBXTargetDependency */,
			);
			fileSystemSynchronizedGroups = (
				074071042CB4E3DE0029F06F /* DanceCam-SwiftTests */,
			);
			name = "DanceCam-SwiftTests";
			packageProductDependencies = (
			);
			productName = "DanceCam-SwiftTests";
			productReference = 074071012CB4E3DE0029F06F /* DanceCam-SwiftTests.xctest */;
			productType = "com.apple.product-type.bundle.unit-test";
		};
		0740710A2CB4E3DE0029F06F /* DanceCam-SwiftUITests */ = {
			isa = PBXNativeTarget;
			buildConfigurationList = 0740711B2CB4E3DE0029F06F /* Build configuration list for PBXNativeTarget "DanceCam-SwiftUITests" */;
			buildPhases = (
				074071072CB4E3DE0029F06F /* Sources */,
				074071082CB4E3DE0029F06F /* Frameworks */,
				074071092CB4E3DE0029F06F /* Resources */,
			);
			buildRules = (
			);
			dependencies = (
				0740710D2CB4E3DE0029F06F /* PBXTargetDependency */,
			);
			fileSystemSynchronizedGroups = (
				0740710E2CB4E3DE0029F06F /* DanceCam-SwiftUITests */,
			);
			name = "DanceCam-SwiftUITests";
			packageProductDependencies = (
			);
			productName = "DanceCam-SwiftUITests";
			productReference = 0740710B2CB4E3DE0029F06F /* DanceCam-SwiftUITests.xctest */;
			productType = "com.apple.product-type.bundle.ui-testing";
		};
/* End PBXNativeTarget section */

/* Begin PBXProject section */
		074070E92CB4E3DD0029F06F /* Project object */ = {
			isa = PBXProject;
			attributes = {
				BuildIndependentTargetsInParallel = 1;
				LastSwiftUpdateCheck = 1600;
				LastUpgradeCheck = 1600;
				TargetAttributes = {
					074070F02CB4E3DD0029F06F = {
						CreatedOnToolsVersion = 16.0;
					};
					074071002CB4E3DE0029F06F = {
						CreatedOnToolsVersion = 16.0;
						TestTargetID = 074070F02CB4E3DD0029F06F;
					};
					0740710A2CB4E3DE0029F06F = {
						CreatedOnToolsVersion = 16.0;
						TestTargetID = 074070F02CB4E3DD0029F06F;
					};
				};
			};
			buildConfigurationList = 074070EC2CB4E3DD0029F06F /* Build configuration list for PBXProject "DanceCam-Swift" */;
			developmentRegion = en;
			hasScannedForEncodings = 0;
			knownRegions = (
				en,
				Base,
			);
			mainGroup = 074070E82CB4E3DD0029F06F;
			minimizedProjectReferenceProxies = 1;
			preferredProjectObjectVersion = 77;
			productRefGroup = 074070F22CB4E3DD0029F06F /* Products */;
			projectDirPath = "";
			projectRoot = "";
			targets = (
				074070F02CB4E3DD0029F06F /* DanceCam-Swift */,
				074071002CB4E3DE0029F06F /* DanceCam-SwiftTests */,
				0740710A2CB4E3DE0029F06F /* DanceCam-SwiftUITests */,
			);
		};
/* End PBXProject section */

/* Begin PBXResourcesBuildPhase section */
		074070EF2CB4E3DD0029F06F /* Resources */ = {
			isa = PBXResourcesBuildPhase;
			buildActionMask = 2147483647;
			files = (
			);
			runOnlyForDeploymentPostprocessing = 0;
		};
		074070FF2CB4E3DE0029F06F /* Resources */ = {
			isa = PBXResourcesBuildPhase;
			buildActionMask = 2147483647;
			files = (
			);
			runOnlyForDeploymentPostprocessing = 0;
		};
		074071092CB4E3DE0029F06F /* Resources */ = {
			isa = PBXResourcesBuildPhase;
			buildActionMask = 2147483647;
			files = (
			);
			runOnlyForDeploymentPostprocessing = 0;
		};
/* End PBXResourcesBuildPhase section */

/* Begin PBXSourcesBuildPhase section */
		074070ED2CB4E3DD0029F06F /* Sources */ = {
			isa = PBXSourcesBuildPhase;
			buildActionMask = 2147483647;
			files = (
			);
			runOnlyForDeploymentPostprocessing = 0;
		};
		074070FD2CB4E3DE0029F06F /* Sources */ = {
			isa = PBXSourcesBuildPhase;
			buildActionMask = 2147483647;
			files = (
			);
			runOnlyForDeploymentPostprocessing = 0;
		};
		074071072CB4E3DE0029F06F /* Sources */ = {
			isa = PBXSourcesBuildPhase;
			buildActionMask = 2147483647;
			files = (
			);
			runOnlyForDeploymentPostprocessing = 0;
		};
/* End PBXSourcesBuildPhase section */

/* Begin PBXTargetDependency section */
		074071032CB4E3DE0029F06F /* PBXTargetDependency */ = {
			isa = PBXTargetDependency;
			target = 074070F02CB4E3DD0029F06F /* DanceCam-Swift */;
			targetProxy = 074071022CB4E3DE0029F06F /* PBXContainerItemProxy */;
		};
		0740710D2CB4E3DE0029F06F /* PBXTargetDependency */ = {
			isa = PBXTargetDependency;
			target = 074070F02CB4E3DD0029F06F /* DanceCam-Swift */;
			targetProxy = 0740710C2CB4E3DE0029F06F /* PBXContainerItemProxy */;
		};
/* End PBXTargetDependency section */

/* Begin XCBuildConfiguration section */
		074071132CB4E3DE0029F06F /* Debug */ = {
			isa = XCBuildConfiguration;
			buildSettings = {
				ALWAYS_SEARCH_USER_PATHS = NO;
				ASSETCATALOG_COMPILER_GENERATE_SWIFT_ASSET_SYMBOL_EXTENSIONS = YES;
				CLANG_ANALYZER_NONNULL = YES;
				CLANG_ANALYZER_NUMBER_OBJECT_CONVERSION = YES_AGGRESSIVE;
				CLANG_CXX_LANGUAGE_STANDARD = "gnu++20";
				CLANG_ENABLE_MODULES = YES;
				CLANG_ENABLE_OBJC_ARC = YES;
				CLANG_ENABLE_OBJC_WEAK = YES;
				CLANG_WARN_BLOCK_CAPTURE_AUTORELEASING = YES;
				CLANG_WARN_BOOL_CONVERSION = YES;
				CLANG_WARN_COMMA = YES;
				CLANG_WARN_CONSTANT_CONVERSION = YES;
				CLANG_WARN_DEPRECATED_OBJC_IMPLEMENTATIONS = YES;
				CLANG_WARN_DIRECT_OBJC_ISA_USAGE = YES_ERROR;
				CLANG_WARN_DOCUMENTATION_COMMENTS = YES;
				CLANG_WARN_EMPTY_BODY = YES;
				CLANG_WARN_ENUM_CONVERSION = YES;
				CLANG_WARN_INFINITE_RECURSION = YES;
				CLANG_WARN_INT_CONVERSION = YES;
				CLANG_WARN_NON_LITERAL_NULL_CONVERSION = YES;
				CLANG_WARN_OBJC_IMPLICIT_RETAIN_SELF = YES;
				CLANG_WARN_OBJC_LITERAL_CONVERSION = YES;
				CLANG_WARN_OBJC_ROOT_CLASS = YES_ERROR;
				CLANG_WARN_QUOTED_INCLUDE_IN_FRAMEWORK_HEADER = YES;
				CLANG_WARN_RANGE_LOOP_ANALYSIS = YES;
				CLANG_WARN_STRICT_PROTOTYPES = YES;
				CLANG_WARN_SUSPICIOUS_MOVE = YES;
				CLANG_WARN_UNGUARDED_AVAILABILITY = YES_AGGRESSIVE;
				CLANG_WARN_UNREACHABLE_CODE = YES;
				CLANG_WARN__DUPLICATE_METHOD_MATCH = YES;
				COPY_PHASE_STRIP = NO;
				DEBUG_INFORMATION_FORMAT = dwarf;
				ENABLE_STRICT_OBJC_MSGSEND = YES;
				ENABLE_TESTABILITY = YES;
				ENABLE_USER_SCRIPT_SANDBOXING = YES;
				GCC_C_LANGUAGE_STANDARD = gnu17;
				GCC_DYNAMIC_NO_PIC = NO;
				GCC_NO_COMMON_BLOCKS = YES;
				GCC_OPTIMIZATION_LEVEL = 0;
				GCC_PREPROCESSOR_DEFINITIONS = (
					"DEBUG=1",
					"$(inherited)",
				);
				GCC_WARN_64_TO_32_BIT_CONVERSION = YES;
				GCC_WARN_ABOUT_RETURN_TYPE = YES_ERROR;
				GCC_WARN_UNDECLARED_SELECTOR = YES;
				GCC_WARN_UNINITIALIZED_AUTOS = YES_AGGRESSIVE;
				GCC_WARN_UNUSED_FUNCTION = YES;
				GCC_WARN_UNUSED_VARIABLE = YES;
				IPHONEOS_DEPLOYMENT_TARGET = 18.0;
				LOCALIZATION_PREFERS_STRING_CATALOGS = YES;
				MTL_ENABLE_DEBUG_INFO = INCLUDE_SOURCE;
				MTL_FAST_MATH = YES;
				ONLY_ACTIVE_ARCH = YES;
				SDKROOT = iphoneos;
				SWIFT_ACTIVE_COMPILATION_CONDITIONS = "DEBUG $(inherited)";
				SWIFT_OPTIMIZATION_LEVEL = "-Onone";
			};
			name = Debug;
		};
		074071142CB4E3DE0029F06F /* Release */ = {
			isa = XCBuildConfiguration;
			buildSettings = {
				ALWAYS_SEARCH_USER_PATHS = NO;
				ASSETCATALOG_COMPILER_GENERATE_SWIFT_ASSET_SYMBOL_EXTENSIONS = YES;
				CLANG_ANALYZER_NONNULL = YES;
				CLANG_ANALYZER_NUMBER_OBJECT_CONVERSION = YES_AGGRESSIVE;
				CLANG_CXX_LANGUAGE_STANDARD = "gnu++20";
				CLANG_ENABLE_MODULES = YES;
				CLANG_ENABLE_OBJC_ARC = YES;
				CLANG_ENABLE_OBJC_WEAK = YES;
				CLANG_WARN_BLOCK_CAPTURE_AUTORELEASING = YES;
				CLANG_WARN_BOOL_CONVERSION = YES;
				CLANG_WARN_COMMA = YES;
				CLANG_WARN_CONSTANT_CONVERSION = YES;
				CLANG_WARN_DEPRECATED_OBJC_IMPLEMENTATIONS = YES;
				CLANG_WARN_DIRECT_OBJC_ISA_USAGE = YES_ERROR;
				CLANG_WARN_DOCUMENTATION_COMMENTS = YES;
				CLANG_WARN_EMPTY_BODY = YES;
				CLANG_WARN_ENUM_CONVERSION = YES;
				CLANG_WARN_INFINITE_RECURSION = YES;
				CLANG_WARN_INT_CONVERSION = YES;
				CLANG_WARN_NON_LITERAL_NULL_CONVERSION = YES;
				CLANG_WARN_OBJC_IMPLICIT_RETAIN_SELF = YES;
				CLANG_WARN_OBJC_LITERAL_CONVERSION = YES;
				CLANG_WARN_OBJC_ROOT_CLASS = YES_ERROR;
				CLANG_WARN_QUOTED_INCLUDE_IN_FRAMEWORK_HEADER = YES;
				CLANG_WARN_RANGE_LOOP_ANALYSIS = YES;
				CLANG_WARN_STRICT_PROTOTYPES = YES;
				CLANG_WARN_SUSPICIOUS_MOVE = YES;
				CLANG_WARN_UNGUARDED_AVAILABILITY = YES_AGGRESSIVE;
				CLANG_WARN_UNREACHABLE_CODE = YES;
				CLANG_WARN__DUPLICATE_METHOD_MATCH = YES;
				COPY_PHASE_STRIP = NO;
				DEBUG_INFORMATION_FORMAT = "dwarf-with-dsym";
				ENABLE_NS_ASSERTIONS = NO;
				ENABLE_STRICT_OBJC_MSGSEND = YES;
				ENABLE_USER_SCRIPT_SANDBOXING = YES;
				GCC_C_LANGUAGE_STANDARD = gnu17;
				GCC_NO_COMMON_BLOCKS = YES;
				GCC_WARN_64_TO_32_BIT_CONVERSION = YES;
				GCC_WARN_ABOUT_RETURN_TYPE = YES_ERROR;
				GCC_WARN_UNDECLARED_SELECTOR = YES;
				GCC_WARN_UNINITIALIZED_AUTOS = YES_AGGRESSIVE;
				GCC_WARN_UNUSED_FUNCTION = YES;
				GCC_WARN_UNUSED_VARIABLE = YES;
				IPHONEOS_DEPLOYMENT_TARGET = 18.0;
				LOCALIZATION_PREFERS_STRING_CATALOGS = YES;
				MTL_ENABLE_DEBUG_INFO = NO;
				MTL_FAST_MATH = YES;
				SDKROOT = iphoneos;
				SWIFT_COMPILATION_MODE = wholemodule;
				VALIDATE_PRODUCT = YES;
			};
			name = Release;
		};
		074071162CB4E3DE0029F06F /* Debug */ = {
			isa = XCBuildConfiguration;
			buildSettings = {
				ASSETCATALOG_COMPILER_APPICON_NAME = AppIcon;
				ASSETCATALOG_COMPILER_GLOBAL_ACCENT_COLOR_NAME = AccentColor;
				CODE_SIGN_STYLE = Automatic;
				CURRENT_PROJECT_VERSION = 1;
				DEVELOPMENT_ASSET_PATHS = "\"DanceCam-Swift/Preview Content\"";
				ENABLE_PREVIEWS = YES;
				GENERATE_INFOPLIST_FILE = YES;
				INFOPLIST_KEY_UIApplicationSceneManifest_Generation = YES;
				INFOPLIST_KEY_UIApplicationSupportsIndirectInputEvents = YES;
				INFOPLIST_KEY_UILaunchScreen_Generation = YES;
				INFOPLIST_KEY_UISupportedInterfaceOrientations_iPad = "UIInterfaceOrientationPortrait UIInterfaceOrientationPortraitUpsideDown UIInterfaceOrientationLandscapeLeft UIInterfaceOrientationLandscapeRight";
				INFOPLIST_KEY_UISupportedInterfaceOrientations_iPhone = "UIInterfaceOrientationPortrait UIInterfaceOrientationLandscapeLeft UIInterfaceOrientationLandscapeRight";
				LD_RUNPATH_SEARCH_PATHS = (
					"$(inherited)",
					"@executable_path/Frameworks",
				);
				MARKETING_VERSION = 1.0;
				PRODUCT_BUNDLE_IDENTIFIER = "com.dancecam.DanceCam-Swift";
				PRODUCT_NAME = "$(TARGET_NAME)";
				SWIFT_EMIT_LOC_STRINGS = YES;
				SWIFT_VERSION = 5.0;
				TARGETED_DEVICE_FAMILY = "1,2";
			};
			name = Debug;
		};
		074071172CB4E3DE0029F06F /* Release */ = {
			isa = XCBuildConfiguration;
			buildSettings = {
				ASSETCATALOG_COMPILER_APPICON_NAME = AppIcon;
				ASSETCATALOG_COMPILER_GLOBAL_ACCENT_COLOR_NAME = AccentColor;
				CODE_SIGN_STYLE = Automatic;
				CURRENT_PROJECT_VERSION = 1;
				DEVELOPMENT_ASSET_PATHS = "\"DanceCam-Swift/Preview Content\"";
				ENABLE_PREVIEWS = YES;
				GENERATE_INFOPLIST_FILE = YES;
				INFOPLIST_KEY_UIApplicationSceneManifest_Generation = YES;
				INFOPLIST_KEY_UIApplicationSupportsIndirectInputEvents = YES;
				INFOPLIST_KEY_UILaunchScreen_Generation = YES;
				INFOPLIST_KEY_UISupportedInterfaceOrientations_iPad = "UIInterfaceOrientationPortrait UIInterfaceOrientationPortraitUpsideDown UIInterfaceOrientationLandscapeLeft UIInterfaceOrientationLandscapeRight";
				INFOPLIST_KEY_UISupportedInterfaceOrientations_iPhone = "UIInterfaceOrientationPortrait UIInterfaceOrientationLandscapeLeft UIInterfaceOrientationLandscapeRight";
				LD_RUNPATH_SEARCH_PATHS = (
					"$(inherited)",
					"@executable_path/Frameworks",
				);
				MARKETING_VERSION = 1.0;
				PRODUCT_BUNDLE_IDENTIFIER = "com.dancecam.DanceCam-Swift";
				PRODUCT_NAME = "$(TARGET_NAME)";
				SWIFT_EMIT_LOC_STRINGS = YES;
				SWIFT_VERSION = 5.0;
				TARGETED_DEVICE_FAMILY = "1,2";
			};
			name = Release;
		};
		074071192CB4E3DE0029F06F /* Debug */ = {
			isa = XCBuildConfiguration;
			buildSettings = {
				BUNDLE_LOADER = "$(TEST_HOST)";
				CODE_SIGN_STYLE = Automatic;
				CURRENT_PROJECT_VERSION = 1;
				GENERATE_INFOPLIST_FILE = YES;
				IPHONEOS_DEPLOYMENT_TARGET = 18.0;
				MARKETING_VERSION = 1.0;
				PRODUCT_BUNDLE_IDENTIFIER = "com.dancecam.DanceCam-SwiftTests";
				PRODUCT_NAME = "$(TARGET_NAME)";
				SWIFT_EMIT_LOC_STRINGS = NO;
				SWIFT_VERSION = 5.0;
				TARGETED_DEVICE_FAMILY = "1,2";
				TEST_HOST = "$(BUILT_PRODUCTS_DIR)/DanceCam-Swift.app/$(BUNDLE_EXECUTABLE_FOLDER_PATH)/DanceCam-Swift";
			};
			name = Debug;
		};
		0740711A2CB4E3DE0029F06F /* Release */ = {
			isa = XCBuildConfiguration;
			buildSettings = {
				BUNDLE_LOADER = "$(TEST_HOST)";
				CODE_SIGN_STYLE = Automatic;
				CURRENT_PROJECT_VERSION = 1;
				GENERATE_INFOPLIST_FILE = YES;
				IPHONEOS_DEPLOYMENT_TARGET = 18.0;
				MARKETING_VERSION = 1.0;
				PRODUCT_BUNDLE_IDENTIFIER = "com.dancecam.DanceCam-SwiftTests";
				PRODUCT_NAME = "$(TARGET_NAME)";
				SWIFT_EMIT_LOC_STRINGS = NO;
				SWIFT_VERSION = 5.0;
				TARGETED_DEVICE_FAMILY = "1,2";
				TEST_HOST = "$(BUILT_PRODUCTS_DIR)/DanceCam-Swift.app/$(BUNDLE_EXECUTABLE_FOLDER_PATH)/DanceCam-Swift";
			};
			name = Release;
		};
		0740711C2CB4E3DE0029F06F /* Debug */ = {
			isa = XCBuildConfiguration;
			buildSettings = {
				CODE_SIGN_STYLE = Automatic;
				CURRENT_PROJECT_VERSION = 1;
				GENERATE_INFOPLIST_FILE = YES;
				MARKETING_VERSION = 1.0;
				PRODUCT_BUNDLE_IDENTIFIER = "com.dancecam.DanceCam-SwiftUITests";
				PRODUCT_NAME = "$(TARGET_NAME)";
				SWIFT_EMIT_LOC_STRINGS = NO;
				SWIFT_VERSION = 5.0;
				TARGETED_DEVICE_FAMILY = "1,2";
				TEST_TARGET_NAME = "DanceCam-Swift";
			};
			name = Debug;
		};
		0740711D2CB4E3DE0029F06F /* Release */ = {
			isa = XCBuildConfiguration;
			buildSettings = {
				CODE_SIGN_STYLE = Automatic;
				CURRENT_PROJECT_VERSION = 1;
				GENERATE_INFOPLIST_FILE = YES;
				MARKETING_VERSION = 1.0;
				PRODUCT_BUNDLE_IDENTIFIER = "com.dancecam.DanceCam-SwiftUITests";
				PRODUCT_NAME = "$(TARGET_NAME)";
				SWIFT_EMIT_LOC_STRINGS = NO;
				SWIFT_VERSION = 5.0;
				TARGETED_DEVICE_FAMILY = "1,2";
				TEST_TARGET_NAME = "DanceCam-Swift";
			};
			name = Release;
		};
/* End XCBuildConfiguration section */

/* Begin XCConfigurationList section */
		074070EC2CB4E3DD0029F06F /* Build configuration list for PBXProject "DanceCam-Swift" */ = {
			isa = XCConfigurationList;
			buildConfigurations = (
				074071132CB4E3DE0029F06F /* Debug */,
				074071142CB4E3DE0029F06F /* Release */,
			);
			defaultConfigurationIsVisible = 0;
			defaultConfigurationName = Release;
		};
		074071152CB4E3DE0029F06F /* Build configuration list for PBXNativeTarget "DanceCam-Swift" */ = {
			isa = XCConfigurationList;
			buildConfigurations = (
				074071162CB4E3DE0029F06F /* Debug */,
				074071172CB4E3DE0029F06F /* Release */,
			);
			defaultConfigurationIsVisible = 0;
			defaultConfigurationName = Release;
		};
		074071182CB4E3DE0029F06F /* Build configuration list for PBXNativeTarget "DanceCam-SwiftTests" */ = {
			isa = XCConfigurationList;
			buildConfigurations = (
				074071192CB4E3DE0029F06F /* Debug */,
				0740711A2CB4E3DE0029F06F /* Release */,
			);
			defaultConfigurationIsVisible = 0;
			defaultConfigurationName = Release;
		};
		0740711B2CB4E3DE0029F06F /* Build configuration list for PBXNativeTarget "DanceCam-SwiftUITests" */ = {
			isa = XCConfigurationList;
			buildConfigurations = (
				0740711C2CB4E3DE0029F06F /* Debug */,
				0740711D2CB4E3DE0029F06F /* Release */,
			);
			defaultConfigurationIsVisible = 0;
			defaultConfigurationName = Release;
		};
/* End XCConfigurationList section */
	};
	rootObject = 074070E92CB4E3DD0029F06F /* Project object */;
}
