// !$*UTF8*$!
{
	archiveVersion = 1;
	classes = {
	};
	objectVersion = 70;
	objects = {

/* Begin PBXBuildFile section */
		0737540D2CD9E0D800C330E9 /* .gitignore in Resources */ = {isa = PBXBuildFile; fileRef = 0737540C2CD9E0D800C330E9 /* .gitignore */; };
		073754102CD9E14200C330E9 /* pose_landmarker_full.task in Resources */ = {isa = PBXBuildFile; fileRef = 0737540E2CD9E14200C330E9 /* pose_landmarker_full.task */; };
		073754112CD9E14200C330E9 /* pose_landmarker_lite.task in Resources */ = {isa = PBXBuildFile; fileRef = 0737540F2CD9E14200C330E9 /* pose_landmarker_lite.task */; };
		0792B1982CD9DED8008284A8 /* Preview Assets.xcassets in Resources */ = {isa = PBXBuildFile; fileRef = 0792B1922CD9DED8008284A8 /* Preview Assets.xcassets */; };
		0792B1992CD9DED8008284A8 /* Assets.xcassets in Resources */ = {isa = PBXBuildFile; fileRef = 0792B1942CD9DED8008284A8 /* Assets.xcassets */; };
		0792B19A2CD9DED8008284A8 /* ContentView.swift in Sources */ = {isa = PBXBuildFile; fileRef = 0792B1952CD9DED8008284A8 /* ContentView.swift */; };
		0792B19B2CD9DED8008284A8 /* DanceCam_iOSApp.swift in Sources */ = {isa = PBXBuildFile; fileRef = 0792B1962CD9DED8008284A8 /* DanceCam_iOSApp.swift */; };
		0799CB542CEC45EE00215739 /* Camera.swift in Sources */ = {isa = PBXBuildFile; fileRef = 0799CB532CEC45ED00215739 /* Camera.swift */; };
		0799CB572CEC462400215739 /* Landmarks.swift in Sources */ = {isa = PBXBuildFile; fileRef = 0799CB562CEC462200215739 /* Landmarks.swift */; };
		0799CB5D2CEC46BE00215739 /* Communcation.swift in Sources */ = {isa = PBXBuildFile; fileRef = 0799CB5C2CEC46B800215739 /* Communcation.swift */; };
		D3D63FC60F3CC5A542D44B06 /* Pods_DanceCam_iOS.framework in Frameworks */ = {isa = PBXBuildFile; fileRef = 1BDA204C630A21F6DE7ACA44 /* Pods_DanceCam_iOS.framework */; };
		FC2E02222CEC83DE007C1F74 /* Config.swift in Sources */ = {isa = PBXBuildFile; fileRef = FC2E02212CEC83D8007C1F74 /* Config.swift */; };
/* End PBXBuildFile section */

/* Begin PBXFileReference section */
		0737540C2CD9E0D800C330E9 /* .gitignore */ = {isa = PBXFileReference; lastKnownFileType = text; path = .gitignore; sourceTree = "<group>"; };
		0737540E2CD9E14200C330E9 /* pose_landmarker_full.task */ = {isa = PBXFileReference; lastKnownFileType = file; path = pose_landmarker_full.task; sourceTree = "<group>"; };
		0737540F2CD9E14200C330E9 /* pose_landmarker_lite.task */ = {isa = PBXFileReference; lastKnownFileType = file; path = pose_landmarker_lite.task; sourceTree = "<group>"; };
		073754312CDC4EFA00C330E9 /* Info.plist */ = {isa = PBXFileReference; lastKnownFileType = text.plist; path = Info.plist; sourceTree = "<group>"; };
		0792B1812CD9DDDE008284A8 /* DanceCam-iOS.app */ = {isa = PBXFileReference; explicitFileType = wrapper.application; includeInIndex = 0; path = "DanceCam-iOS.app"; sourceTree = BUILT_PRODUCTS_DIR; };
		0792B1922CD9DED8008284A8 /* Preview Assets.xcassets */ = {isa = PBXFileReference; lastKnownFileType = folder.assetcatalog; path = "Preview Assets.xcassets"; sourceTree = "<group>"; };
		0792B1942CD9DED8008284A8 /* Assets.xcassets */ = {isa = PBXFileReference; lastKnownFileType = folder.assetcatalog; path = Assets.xcassets; sourceTree = "<group>"; };
		0792B1952CD9DED8008284A8 /* ContentView.swift */ = {isa = PBXFileReference; lastKnownFileType = sourcecode.swift; path = ContentView.swift; sourceTree = "<group>"; };
		0792B1962CD9DED8008284A8 /* DanceCam_iOSApp.swift */ = {isa = PBXFileReference; lastKnownFileType = sourcecode.swift; path = DanceCam_iOSApp.swift; sourceTree = "<group>"; };
		0799CB532CEC45ED00215739 /* Camera.swift */ = {isa = PBXFileReference; lastKnownFileType = sourcecode.swift; path = Camera.swift; sourceTree = "<group>"; };
		0799CB562CEC462200215739 /* Landmarks.swift */ = {isa = PBXFileReference; lastKnownFileType = sourcecode.swift; path = Landmarks.swift; sourceTree = "<group>"; };
		0799CB5C2CEC46B800215739 /* Communcation.swift */ = {isa = PBXFileReference; lastKnownFileType = sourcecode.swift; path = Communcation.swift; sourceTree = "<group>"; };
		1BDA204C630A21F6DE7ACA44 /* Pods_DanceCam_iOS.framework */ = {isa = PBXFileReference; explicitFileType = wrapper.framework; includeInIndex = 0; path = Pods_DanceCam_iOS.framework; sourceTree = BUILT_PRODUCTS_DIR; };
		7932684829B1AC3544DD1D11 /* Pods-DanceCam-iOS.release.xcconfig */ = {isa = PBXFileReference; includeInIndex = 1; lastKnownFileType = text.xcconfig; name = "Pods-DanceCam-iOS.release.xcconfig"; path = "Target Support Files/Pods-DanceCam-iOS/Pods-DanceCam-iOS.release.xcconfig"; sourceTree = "<group>"; };
		7B8EC142B5C7F45EDA271A8A /* Pods-DanceCam-iOS.debug.xcconfig */ = {isa = PBXFileReference; includeInIndex = 1; lastKnownFileType = text.xcconfig; name = "Pods-DanceCam-iOS.debug.xcconfig"; path = "Target Support Files/Pods-DanceCam-iOS/Pods-DanceCam-iOS.debug.xcconfig"; sourceTree = "<group>"; };
		FC2E02212CEC83D8007C1F74 /* Config.swift */ = {isa = PBXFileReference; lastKnownFileType = sourcecode.swift; path = Config.swift; sourceTree = "<group>"; };
/* End PBXFileReference section */

/* Begin PBXFileSystemSynchronizedRootGroup section */
		0737540B2CD9E0C800C330E9 /* Views */ = {isa = PBXFileSystemSynchronizedRootGroup; explicitFileTypes = {}; explicitFolders = (); path = Views; sourceTree = "<group>"; };
/* End PBXFileSystemSynchronizedRootGroup section */

/* Begin PBXFrameworksBuildPhase section */
		0792B17E2CD9DDDE008284A8 /* Frameworks */ = {
			isa = PBXFrameworksBuildPhase;
			buildActionMask = 2147483647;
			files = (
				D3D63FC60F3CC5A542D44B06 /* Pods_DanceCam_iOS.framework in Frameworks */,
			);
			runOnlyForDeploymentPostprocessing = 0;
		};
/* End PBXFrameworksBuildPhase section */

/* Begin PBXGroup section */
		0792B1782CD9DDDE008284A8 = {
			isa = PBXGroup;
			children = (
				0792B1972CD9DED8008284A8 /* DanceCam-iOS */,
				0792B1822CD9DDDE008284A8 /* Products */,
				B47C9D6E2960A141F27C61BF /* Pods */,
				1B977C13C2EB0A15118244B1 /* Frameworks */,
			);
			sourceTree = "<group>";
		};
		0792B1822CD9DDDE008284A8 /* Products */ = {
			isa = PBXGroup;
			children = (
				0792B1812CD9DDDE008284A8 /* DanceCam-iOS.app */,
			);
			name = Products;
			sourceTree = "<group>";
		};
		0792B1932CD9DED8008284A8 /* Preview Content */ = {
			isa = PBXGroup;
			children = (
				0792B1922CD9DED8008284A8 /* Preview Assets.xcassets */,
			);
			path = "Preview Content";
			sourceTree = "<group>";
		};
		0792B1972CD9DED8008284A8 /* DanceCam-iOS */ = {
			isa = PBXGroup;
			children = (
				0799CB552CEC461700215739 /* Models */,
				0799CB522CEC45AA00215739 /* Utils */,
				073754312CDC4EFA00C330E9 /* Info.plist */,
				0737540B2CD9E0C800C330E9 /* Views */,
				0792B1932CD9DED8008284A8 /* Preview Content */,
				0792B1942CD9DED8008284A8 /* Assets.xcassets */,
				0792B1952CD9DED8008284A8 /* ContentView.swift */,
				0792B1962CD9DED8008284A8 /* DanceCam_iOSApp.swift */,
				0737540C2CD9E0D800C330E9 /* .gitignore */,
				0737540E2CD9E14200C330E9 /* pose_landmarker_full.task */,
				0737540F2CD9E14200C330E9 /* pose_landmarker_lite.task */,
			);
			path = "DanceCam-iOS";
			sourceTree = "<group>";
		};
		0799CB522CEC45AA00215739 /* Utils */ = {
			isa = PBXGroup;
			children = (
				FC2E02212CEC83D8007C1F74 /* Config.swift */,
				0799CB5C2CEC46B800215739 /* Communcation.swift */,
				0799CB532CEC45ED00215739 /* Camera.swift */,
			);
			path = Utils;
			sourceTree = "<group>";
		};
		0799CB552CEC461700215739 /* Models */ = {
			isa = PBXGroup;
			children = (
				0799CB562CEC462200215739 /* Landmarks.swift */,
			);
			path = Models;
			sourceTree = "<group>";
		};
		1B977C13C2EB0A15118244B1 /* Frameworks */ = {
			isa = PBXGroup;
			children = (
				1BDA204C630A21F6DE7ACA44 /* Pods_DanceCam_iOS.framework */,
			);
			name = Frameworks;
			sourceTree = "<group>";
		};
		B47C9D6E2960A141F27C61BF /* Pods */ = {
			isa = PBXGroup;
			children = (
				7B8EC142B5C7F45EDA271A8A /* Pods-DanceCam-iOS.debug.xcconfig */,
				7932684829B1AC3544DD1D11 /* Pods-DanceCam-iOS.release.xcconfig */,
			);
			path = Pods;
			sourceTree = "<group>";
		};
/* End PBXGroup section */

/* Begin PBXNativeTarget section */
		0792B1802CD9DDDE008284A8 /* DanceCam-iOS */ = {
			isa = PBXNativeTarget;
			buildConfigurationList = 0792B18F2CD9DDDF008284A8 /* Build configuration list for PBXNativeTarget "DanceCam-iOS" */;
			buildPhases = (
				91B94255C1C41716AD966F0E /* [CP] Check Pods Manifest.lock */,
				0792B17D2CD9DDDE008284A8 /* Sources */,
				0792B17E2CD9DDDE008284A8 /* Frameworks */,
				0792B17F2CD9DDDE008284A8 /* Resources */,
			);
			buildRules = (
			);
			dependencies = (
			);
			fileSystemSynchronizedGroups = (
				0737540B2CD9E0C800C330E9 /* Views */,
			);
			name = "DanceCam-iOS";
			productName = "DanceCam-iOS";
			productReference = 0792B1812CD9DDDE008284A8 /* DanceCam-iOS.app */;
			productType = "com.apple.product-type.application";
		};
/* End PBXNativeTarget section */

/* Begin PBXProject section */
		0792B1792CD9DDDE008284A8 /* Project object */ = {
			isa = PBXProject;
			attributes = {
				BuildIndependentTargetsInParallel = 1;
				LastSwiftUpdateCheck = 1600;
				LastUpgradeCheck = 1600;
				TargetAttributes = {
					0792B1802CD9DDDE008284A8 = {
						CreatedOnToolsVersion = 16.0;
					};
				};
			};
			buildConfigurationList = 0792B17C2CD9DDDE008284A8 /* Build configuration list for PBXProject "DanceCam-iOS" */;
			compatibilityVersion = "Xcode 14.0";
			developmentRegion = en;
			hasScannedForEncodings = 0;
			knownRegions = (
				en,
				Base,
			);
			mainGroup = 0792B1782CD9DDDE008284A8;
			productRefGroup = 0792B1822CD9DDDE008284A8 /* Products */;
			projectDirPath = "";
			projectRoot = "";
			targets = (
				0792B1802CD9DDDE008284A8 /* DanceCam-iOS */,
			);
		};
/* End PBXProject section */

/* Begin PBXResourcesBuildPhase section */
		0792B17F2CD9DDDE008284A8 /* Resources */ = {
			isa = PBXResourcesBuildPhase;
			buildActionMask = 2147483647;
			files = (
				0792B1982CD9DED8008284A8 /* Preview Assets.xcassets in Resources */,
				073754102CD9E14200C330E9 /* pose_landmarker_full.task in Resources */,
				073754112CD9E14200C330E9 /* pose_landmarker_lite.task in Resources */,
				0737540D2CD9E0D800C330E9 /* .gitignore in Resources */,
				0792B1992CD9DED8008284A8 /* Assets.xcassets in Resources */,
			);
			runOnlyForDeploymentPostprocessing = 0;
		};
/* End PBXResourcesBuildPhase section */

/* Begin PBXShellScriptBuildPhase section */
		91B94255C1C41716AD966F0E /* [CP] Check Pods Manifest.lock */ = {
			isa = PBXShellScriptBuildPhase;
			buildActionMask = 2147483647;
			files = (
			);
			inputFileListPaths = (
			);
			inputPaths = (
				"${PODS_PODFILE_DIR_PATH}/Podfile.lock",
				"${PODS_ROOT}/Manifest.lock",
			);
			name = "[CP] Check Pods Manifest.lock";
			outputFileListPaths = (
			);
			outputPaths = (
				"$(DERIVED_FILE_DIR)/Pods-DanceCam-iOS-checkManifestLockResult.txt",
			);
			runOnlyForDeploymentPostprocessing = 0;
			shellPath = /bin/sh;
			shellScript = "diff \"${PODS_PODFILE_DIR_PATH}/Podfile.lock\" \"${PODS_ROOT}/Manifest.lock\" > /dev/null\nif [ $? != 0 ] ; then\n    # print error to STDERR\n    echo \"error: The sandbox is not in sync with the Podfile.lock. Run 'pod install' or update your CocoaPods installation.\" >&2\n    exit 1\nfi\n# This output is used by Xcode 'outputs' to avoid re-running this script phase.\necho \"SUCCESS\" > \"${SCRIPT_OUTPUT_FILE_0}\"\n";
			showEnvVarsInLog = 0;
		};
/* End PBXShellScriptBuildPhase section */

/* Begin PBXSourcesBuildPhase section */
		0792B17D2CD9DDDE008284A8 /* Sources */ = {
			isa = PBXSourcesBuildPhase;
			buildActionMask = 2147483647;
			files = (
				0792B19A2CD9DED8008284A8 /* ContentView.swift in Sources */,
				0792B19B2CD9DED8008284A8 /* DanceCam_iOSApp.swift in Sources */,
				FC2E02222CEC83DE007C1F74 /* Config.swift in Sources */,
				0799CB542CEC45EE00215739 /* Camera.swift in Sources */,
				0799CB5D2CEC46BE00215739 /* Communcation.swift in Sources */,
				0799CB572CEC462400215739 /* Landmarks.swift in Sources */,
			);
			runOnlyForDeploymentPostprocessing = 0;
		};
/* End PBXSourcesBuildPhase section */

/* Begin XCBuildConfiguration section */
		0792B18D2CD9DDDF008284A8 /* Debug */ = {
			isa = XCBuildConfiguration;
			buildSettings = {
				ALWAYS_SEARCH_USER_PATHS = NO;
				ASSETCATALOG_COMPILER_GENERATE_SWIFT_ASSET_SYMBOL_EXTENSIONS = YES;
				CLANG_ANALYZER_NONNULL = YES;
				CLANG_ANALYZER_NUMBER_OBJECT_CONVERSION = YES_AGGRESSIVE;
				CLANG_CXX_LANGUAGE_STANDARD = "gnu++20";
				CLANG_ENABLE_MODULES = YES;
				CLANG_ENABLE_OBJC_ARC = YES;
				CLANG_ENABLE_OBJC_WEAK = YES;
				CLANG_WARN_BLOCK_CAPTURE_AUTORELEASING = YES;
				CLANG_WARN_BOOL_CONVERSION = YES;
				CLANG_WARN_COMMA = YES;
				CLANG_WARN_CONSTANT_CONVERSION = YES;
				CLANG_WARN_DEPRECATED_OBJC_IMPLEMENTATIONS = YES;
				CLANG_WARN_DIRECT_OBJC_ISA_USAGE = YES_ERROR;
				CLANG_WARN_DOCUMENTATION_COMMENTS = YES;
				CLANG_WARN_EMPTY_BODY = YES;
				CLANG_WARN_ENUM_CONVERSION = YES;
				CLANG_WARN_INFINITE_RECURSION = YES;
				CLANG_WARN_INT_CONVERSION = YES;
				CLANG_WARN_NON_LITERAL_NULL_CONVERSION = YES;
				CLANG_WARN_OBJC_IMPLICIT_RETAIN_SELF = YES;
				CLANG_WARN_OBJC_LITERAL_CONVERSION = YES;
				CLANG_WARN_OBJC_ROOT_CLASS = YES_ERROR;
				CLANG_WARN_QUOTED_INCLUDE_IN_FRAMEWORK_HEADER = YES;
				CLANG_WARN_RANGE_LOOP_ANALYSIS = YES;
				CLANG_WARN_STRICT_PROTOTYPES = YES;
				CLANG_WARN_SUSPICIOUS_MOVE = YES;
				CLANG_WARN_UNGUARDED_AVAILABILITY = YES_AGGRESSIVE;
				CLANG_WARN_UNREACHABLE_CODE = YES;
				CLANG_WARN__DUPLICATE_METHOD_MATCH = YES;
				COPY_PHASE_STRIP = NO;
				DEBUG_INFORMATION_FORMAT = dwarf;
				ENABLE_STRICT_OBJC_MSGSEND = YES;
				ENABLE_TESTABILITY = YES;
				ENABLE_USER_SCRIPT_SANDBOXING = YES;
				GCC_C_LANGUAGE_STANDARD = gnu17;
				GCC_DYNAMIC_NO_PIC = NO;
				GCC_NO_COMMON_BLOCKS = YES;
				GCC_OPTIMIZATION_LEVEL = 0;
				GCC_PREPROCESSOR_DEFINITIONS = (
					"DEBUG=1",
					"$(inherited)",
				);
				GCC_WARN_64_TO_32_BIT_CONVERSION = YES;
				GCC_WARN_ABOUT_RETURN_TYPE = YES_ERROR;
				GCC_WARN_UNDECLARED_SELECTOR = YES;
				GCC_WARN_UNINITIALIZED_AUTOS = YES_AGGRESSIVE;
				GCC_WARN_UNUSED_FUNCTION = YES;
				GCC_WARN_UNUSED_VARIABLE = YES;
				IPHONEOS_DEPLOYMENT_TARGET = 18.0;
				LOCALIZATION_PREFERS_STRING_CATALOGS = YES;
				MTL_ENABLE_DEBUG_INFO = INCLUDE_SOURCE;
				MTL_FAST_MATH = YES;
				ONLY_ACTIVE_ARCH = YES;
				SDKROOT = iphoneos;
				SWIFT_ACTIVE_COMPILATION_CONDITIONS = "DEBUG $(inherited)";
				SWIFT_OPTIMIZATION_LEVEL = "-Onone";
			};
			name = Debug;
		};
		0792B18E2CD9DDDF008284A8 /* Release */ = {
			isa = XCBuildConfiguration;
			buildSettings = {
				ALWAYS_SEARCH_USER_PATHS = NO;
				ASSETCATALOG_COMPILER_GENERATE_SWIFT_ASSET_SYMBOL_EXTENSIONS = YES;
				CLANG_ANALYZER_NONNULL = YES;
				CLANG_ANALYZER_NUMBER_OBJECT_CONVERSION = YES_AGGRESSIVE;
				CLANG_CXX_LANGUAGE_STANDARD = "gnu++20";
				CLANG_ENABLE_MODULES = YES;
				CLANG_ENABLE_OBJC_ARC = YES;
				CLANG_ENABLE_OBJC_WEAK = YES;
				CLANG_WARN_BLOCK_CAPTURE_AUTORELEASING = YES;
				CLANG_WARN_BOOL_CONVERSION = YES;
				CLANG_WARN_COMMA = YES;
				CLANG_WARN_CONSTANT_CONVERSION = YES;
				CLANG_WARN_DEPRECATED_OBJC_IMPLEMENTATIONS = YES;
				CLANG_WARN_DIRECT_OBJC_ISA_USAGE = YES_ERROR;
				CLANG_WARN_DOCUMENTATION_COMMENTS = YES;
				CLANG_WARN_EMPTY_BODY = YES;
				CLANG_WARN_ENUM_CONVERSION = YES;
				CLANG_WARN_INFINITE_RECURSION = YES;
				CLANG_WARN_INT_CONVERSION = YES;
				CLANG_WARN_NON_LITERAL_NULL_CONVERSION = YES;
				CLANG_WARN_OBJC_IMPLICIT_RETAIN_SELF = YES;
				CLANG_WARN_OBJC_LITERAL_CONVERSION = YES;
				CLANG_WARN_OBJC_ROOT_CLASS = YES_ERROR;
				CLANG_WARN_QUOTED_INCLUDE_IN_FRAMEWORK_HEADER = YES;
				CLANG_WARN_RANGE_LOOP_ANALYSIS = YES;
				CLANG_WARN_STRICT_PROTOTYPES = YES;
				CLANG_WARN_SUSPICIOUS_MOVE = YES;
				CLANG_WARN_UNGUARDED_AVAILABILITY = YES_AGGRESSIVE;
				CLANG_WARN_UNREACHABLE_CODE = YES;
				CLANG_WARN__DUPLICATE_METHOD_MATCH = YES;
				COPY_PHASE_STRIP = NO;
				DEBUG_INFORMATION_FORMAT = "dwarf-with-dsym";
				ENABLE_NS_ASSERTIONS = NO;
				ENABLE_STRICT_OBJC_MSGSEND = YES;
				ENABLE_USER_SCRIPT_SANDBOXING = YES;
				GCC_C_LANGUAGE_STANDARD = gnu17;
				GCC_NO_COMMON_BLOCKS = YES;
				GCC_WARN_64_TO_32_BIT_CONVERSION = YES;
				GCC_WARN_ABOUT_RETURN_TYPE = YES_ERROR;
				GCC_WARN_UNDECLARED_SELECTOR = YES;
				GCC_WARN_UNINITIALIZED_AUTOS = YES_AGGRESSIVE;
				GCC_WARN_UNUSED_FUNCTION = YES;
				GCC_WARN_UNUSED_VARIABLE = YES;
				IPHONEOS_DEPLOYMENT_TARGET = 18.0;
				LOCALIZATION_PREFERS_STRING_CATALOGS = YES;
				MTL_ENABLE_DEBUG_INFO = NO;
				MTL_FAST_MATH = YES;
				SDKROOT = iphoneos;
				SWIFT_COMPILATION_MODE = wholemodule;
				VALIDATE_PRODUCT = YES;
			};
			name = Release;
		};
		0792B1902CD9DDDF008284A8 /* Debug */ = {
			isa = XCBuildConfiguration;
			baseConfigurationReference = 7B8EC142B5C7F45EDA271A8A /* Pods-DanceCam-iOS.debug.xcconfig */;
			buildSettings = {
				ASSETCATALOG_COMPILER_APPICON_NAME = AppIcon;
				ASSETCATALOG_COMPILER_GLOBAL_ACCENT_COLOR_NAME = AccentColor;
				CODE_SIGN_IDENTITY = "Apple Development";
				CODE_SIGN_STYLE = Automatic;
				CURRENT_PROJECT_VERSION = 1;
				DEVELOPMENT_ASSET_PATHS = "\"DanceCam-iOS/Preview Content\"";
<<<<<<< HEAD
				DEVELOPMENT_TEAM = 79XZXQ68F6;
=======
				DEVELOPMENT_TEAM = 6VA6DMB345;
>>>>>>> 8517665 (single box)
				ENABLE_PREVIEWS = YES;
				GENERATE_INFOPLIST_FILE = YES;
				INFOPLIST_FILE = "DanceCam-iOS/Info.plist";
				INFOPLIST_KEY_CFBundleDisplayName = "Dance Cam";
				INFOPLIST_KEY_NSCameraUsageDescription = "DanceCam-iOS requires access to your phone's camera";
				INFOPLIST_KEY_NSMicrophoneUsageDescription = "";
				INFOPLIST_KEY_NSPhotoLibraryUsageDescription = "DanceCam-iOS requires access to your phone's photo library";
				INFOPLIST_KEY_UIApplicationSceneManifest_Generation = YES;
				INFOPLIST_KEY_UIApplicationSupportsIndirectInputEvents = YES;
				INFOPLIST_KEY_UILaunchScreen_Generation = YES;
				INFOPLIST_KEY_UISupportedInterfaceOrientations = UIInterfaceOrientationPortrait;
				LD_RUNPATH_SEARCH_PATHS = (
					"$(inherited)",
					"@executable_path/Frameworks",
				);
				MARKETING_VERSION = 1.0;
<<<<<<< HEAD
				PRODUCT_BUNDLE_IDENTIFIER = dancecom.dancecam.DanceCam2;
=======
				PRODUCT_BUNDLE_IDENTIFIER = dancecam;
>>>>>>> 8517665 (single box)
				PRODUCT_NAME = "$(TARGET_NAME)";
				PROVISIONING_PROFILE_SPECIFIER = "";
				SWIFT_EMIT_LOC_STRINGS = YES;
				SWIFT_VERSION = 5.0;
				TARGETED_DEVICE_FAMILY = "1,2";
			};
			name = Debug;
		};
		0792B1912CD9DDDF008284A8 /* Release */ = {
			isa = XCBuildConfiguration;
			baseConfigurationReference = 7932684829B1AC3544DD1D11 /* Pods-DanceCam-iOS.release.xcconfig */;
			buildSettings = {
				ASSETCATALOG_COMPILER_APPICON_NAME = AppIcon;
				ASSETCATALOG_COMPILER_GLOBAL_ACCENT_COLOR_NAME = AccentColor;
				CODE_SIGN_IDENTITY = "Apple Development";
				CODE_SIGN_STYLE = Automatic;
				CURRENT_PROJECT_VERSION = 1;
				DEVELOPMENT_ASSET_PATHS = "\"DanceCam-iOS/Preview Content\"";
<<<<<<< HEAD
				DEVELOPMENT_TEAM = 79XZXQ68F6;
=======
				DEVELOPMENT_TEAM = 6VA6DMB345;
>>>>>>> 8517665 (single box)
				ENABLE_PREVIEWS = YES;
				GENERATE_INFOPLIST_FILE = YES;
				INFOPLIST_FILE = "DanceCam-iOS/Info.plist";
				INFOPLIST_KEY_CFBundleDisplayName = "Dance Cam";
				INFOPLIST_KEY_NSCameraUsageDescription = "DanceCam-iOS requires access to your phone's camera";
				INFOPLIST_KEY_NSMicrophoneUsageDescription = "";
				INFOPLIST_KEY_NSPhotoLibraryUsageDescription = "DanceCam-iOS requires access to your phone's photo library";
				INFOPLIST_KEY_UIApplicationSceneManifest_Generation = YES;
				INFOPLIST_KEY_UIApplicationSupportsIndirectInputEvents = YES;
				INFOPLIST_KEY_UILaunchScreen_Generation = YES;
				INFOPLIST_KEY_UISupportedInterfaceOrientations = UIInterfaceOrientationPortrait;
				LD_RUNPATH_SEARCH_PATHS = (
					"$(inherited)",
					"@executable_path/Frameworks",
				);
				MARKETING_VERSION = 1.0;
				PRODUCT_BUNDLE_IDENTIFIER = dancecam;
				PRODUCT_NAME = "$(TARGET_NAME)";
				PROVISIONING_PROFILE_SPECIFIER = "";
				SWIFT_EMIT_LOC_STRINGS = YES;
				SWIFT_VERSION = 5.0;
				TARGETED_DEVICE_FAMILY = "1,2";
			};
			name = Release;
		};
/* End XCBuildConfiguration section */

/* Begin XCConfigurationList section */
		0792B17C2CD9DDDE008284A8 /* Build configuration list for PBXProject "DanceCam-iOS" */ = {
			isa = XCConfigurationList;
			buildConfigurations = (
				0792B18D2CD9DDDF008284A8 /* Debug */,
				0792B18E2CD9DDDF008284A8 /* Release */,
			);
			defaultConfigurationIsVisible = 0;
			defaultConfigurationName = Release;
		};
		0792B18F2CD9DDDF008284A8 /* Build configuration list for PBXNativeTarget "DanceCam-iOS" */ = {
			isa = XCConfigurationList;
			buildConfigurations = (
				0792B1902CD9DDDF008284A8 /* Debug */,
				0792B1912CD9DDDF008284A8 /* Release */,
			);
			defaultConfigurationIsVisible = 0;
			defaultConfigurationName = Release;
		};
/* End XCConfigurationList section */
	};
	rootObject = 0792B1792CD9DDDE008284A8 /* Project object */;
}
